
Microsoft Visual Studio Solution File, Format Version 12.00
# Visual Studio 15
VisualStudioVersion = 15.0.27130.2027
MinimumVisualStudioVersion = 10.0.40219.1
Project("{FAE04EC0-301F-11D3-BF4B-00C04F79EFBC}") = "ConsoleTesteConsAPI", "ConsoleTesteConsAPI.csproj", "{5930B7B9-8A96-4D84-B893-2FF52BB2F2EC}"
EndProject
Global
	GlobalSection(SolutionConfigurationPlatforms) = preSolution
		Debug|Any CPU = Debug|Any CPU
		Release|Any CPU = Release|Any CPU
	EndGlobalSection
	GlobalSection(ProjectConfigurationPlatforms) = postSolution
		{5930B7B9-8A96-4D84-B893-2FF52BB2F2EC}.Debug|Any CPU.ActiveCfg = Debug|Any CPU
		{5930B7B9-8A96-4D84-B893-2FF52BB2F2EC}.Debug|Any CPU.Build.0 = Debug|Any CPU
		{5930B7B9-8A96-4D84-B893-2FF52BB2F2EC}.Release|Any CPU.ActiveCfg = Release|Any CPU
		{5930B7B9-8A96-4D84-B893-2FF52BB2F2EC}.Release|Any CPU.Build.0 = Release|Any CPU
	EndGlobalSection
	GlobalSection(SolutionProperties) = preSolution
		HideSolutionNode = FALSE
	EndGlobalSection
	GlobalSection(ExtensibilityGlobals) = postSolution
		SolutionGuid = {B7492E71-2F20-4E36-873B-3D0AAEE80E72}
	EndGlobalSection
EndGlobal
